{
  "name": "my-simple-app",
  "version": "1.0.0",
  "lockfileVersion": 3,
  "requires": true,
  "packages": {
    "": {
      "name": "my-simple-app",
      "version": "1.0.0",
      "dependencies": {
        "express": "^4.18.2"
      }
    },
    "node_modules/express": {
      "version": "4.18.2",
      "resolved": "https://npmjs.org",
      "integrity": "sha512-5/Ps7NJSTf+K2967F...==",
      "dependencies": {
        "accepts": "~1.3.8",
        "statuses": "2.0.1"
      }
    },
    "node_modules/accepts": {
      "version": "1.3.8",
      "resolved": "https://npmjs.org",
      "integrity": "sha512-1qd...=="
    },
    "node_modules/statuses": {
      "version": "2.0.1",
      "resolved": "https://npmjs.org",
      "integrity": "sha512-st...=="
    }
  }
}
